// !$*UTF8*$!
{
	archiveVersion = 1;
	classes = {
	};
	objectVersion = 48;
	objects = {

/* Begin PBXBuildFile section */
		F9BB1C491FD79D6B00115146 /* AppDelegate.m in Sources */ = {isa = PBXBuildFile; fileRef = F9BB1C481FD79D6B00115146 /* AppDelegate.m */; };
		F9BB1C4C1FD79D6C00115146 /* ViewController.m in Sources */ = {isa = PBXBuildFile; fileRef = F9BB1C4B1FD79D6C00115146 /* ViewController.m */; };
		F9BB1C4F1FD79D6C00115146 /* Main.storyboard in Resources */ = {isa = PBXBuildFile; fileRef = F9BB1C4D1FD79D6C00115146 /* Main.storyboard */; };
		F9BB1C511FD79D6C00115146 /* Assets.xcassets in Resources */ = {isa = PBXBuildFile; fileRef = F9BB1C501FD79D6C00115146 /* Assets.xcassets */; };
		F9BB1C541FD79D6C00115146 /* LaunchScreen.storyboard in Resources */ = {isa = PBXBuildFile; fileRef = F9BB1C521FD79D6C00115146 /* LaunchScreen.storyboard */; };
		F9BB1C571FD79D6C00115146 /* main.m in Sources */ = {isa = PBXBuildFile; fileRef = F9BB1C561FD79D6C00115146 /* main.m */; };
		F9BB1C611FD79D6C00115146 /* EMPracticeTests.m in Sources */ = {isa = PBXBuildFile; fileRef = F9BB1C601FD79D6C00115146 /* EMPracticeTests.m */; };
		F9BB1C6C1FD79D6C00115146 /* EMPracticeUITests.m in Sources */ = {isa = PBXBuildFile; fileRef = F9BB1C6B1FD79D6C00115146 /* EMPracticeUITests.m */; };
/* End PBXBuildFile section */

/* Begin PBXContainerItemProxy section */
		F9BB1C5D1FD79D6C00115146 /* PBXContainerItemProxy */ = {
			isa = PBXContainerItemProxy;
			containerPortal = F9BB1C3C1FD79D6B00115146 /* Project object */;
			proxyType = 1;
			remoteGlobalIDString = F9BB1C431FD79D6B00115146;
			remoteInfo = EMPractice;
		};
		F9BB1C681FD79D6C00115146 /* PBXContainerItemProxy */ = {
			isa = PBXContainerItemProxy;
			containerPortal = F9BB1C3C1FD79D6B00115146 /* Project object */;
			proxyType = 1;
			remoteGlobalIDString = F9BB1C431FD79D6B00115146;
			remoteInfo = EMPractice;
		};
/* End PBXContainerItemProxy section */

/* Begin PBXFileReference section */
		F9BB1C441FD79D6B00115146 /* EMPractice.app */ = {isa = PBXFileReference; explicitFileType = wrapper.application; includeInIndex = 0; path = EMPractice.app; sourceTree = BUILT_PRODUCTS_DIR; };
		F9BB1C471FD79D6B00115146 /* AppDelegate.h */ = {isa = PBXFileReference; lastKnownFileType = sourcecode.c.h; path = AppDelegate.h; sourceTree = "<group>"; };
		F9BB1C481FD79D6B00115146 /* AppDelegate.m */ = {isa = PBXFileReference; lastKnownFileType = sourcecode.c.objc; path = AppDelegate.m; sourceTree = "<group>"; };
		F9BB1C4A1FD79D6B00115146 /* ViewController.h */ = {isa = PBXFileReference; lastKnownFileType = sourcecode.c.h; path = ViewController.h; sourceTree = "<group>"; };
		F9BB1C4B1FD79D6C00115146 /* ViewController.m */ = {isa = PBXFileReference; lastKnownFileType = sourcecode.c.objc; path = ViewController.m; sourceTree = "<group>"; };
		F9BB1C4E1FD79D6C00115146 /* Base */ = {isa = PBXFileReference; lastKnownFileType = file.storyboard; name = Base; path = Base.lproj/Main.storyboard; sourceTree = "<group>"; };
		F9BB1C501FD79D6C00115146 /* Assets.xcassets */ = {isa = PBXFileReference; lastKnownFileType = folder.assetcatalog; path = Assets.xcassets; sourceTree = "<group>"; };
		F9BB1C531FD79D6C00115146 /* Base */ = {isa = PBXFileReference; lastKnownFileType = file.storyboard; name = Base; path = Base.lproj/LaunchScreen.storyboard; sourceTree = "<group>"; };
		F9BB1C551FD79D6C00115146 /* Info.plist */ = {isa = PBXFileReference; lastKnownFileType = text.plist.xml; path = Info.plist; sourceTree = "<group>"; };
		F9BB1C561FD79D6C00115146 /* main.m */ = {isa = PBXFileReference; lastKnownFileType = sourcecode.c.objc; path = main.m; sourceTree = "<group>"; };
		F9BB1C5C1FD79D6C00115146 /* EMPracticeTests.xctest */ = {isa = PBXFileReference; explicitFileType = wrapper.cfbundle; includeInIndex = 0; path = EMPracticeTests.xctest; sourceTree = BUILT_PRODUCTS_DIR; };
		F9BB1C601FD79D6C00115146 /* EMPracticeTests.m */ = {isa = PBXFileReference; lastKnownFileType = sourcecode.c.objc; path = EMPracticeTests.m; sourceTree = "<group>"; };
		F9BB1C621FD79D6C00115146 /* Info.plist */ = {isa = PBXFileReference; lastKnownFileType = text.plist.xml; path = Info.plist; sourceTree = "<group>"; };
		F9BB1C671FD79D6C00115146 /* EMPracticeUITests.xctest */ = {isa = PBXFileReference; explicitFileType = wrapper.cfbundle; includeInIndex = 0; path = EMPracticeUITests.xctest; sourceTree = BUILT_PRODUCTS_DIR; };
		F9BB1C6B1FD79D6C00115146 /* EMPracticeUITests.m */ = {isa = PBXFileReference; lastKnownFileType = sourcecode.c.objc; path = EMPracticeUITests.m; sourceTree = "<group>"; };
		F9BB1C6D1FD79D6C00115146 /* Info.plist */ = {isa = PBXFileReference; lastKnownFileType = text.plist.xml; path = Info.plist; sourceTree = "<group>"; };
/* End PBXFileReference section */

/* Begin PBXFrameworksBuildPhase section */
		F9BB1C411FD79D6B00115146 /* Frameworks */ = {
			isa = PBXFrameworksBuildPhase;
			buildActionMask = 2147483647;
			files = (
			);
			runOnlyForDeploymentPostprocessing = 0;
		};
		F9BB1C591FD79D6C00115146 /* Frameworks */ = {
			isa = PBXFrameworksBuildPhase;
			buildActionMask = 2147483647;
			files = (
			);
			runOnlyForDeploymentPostprocessing = 0;
		};
		F9BB1C641FD79D6C00115146 /* Frameworks */ = {
			isa = PBXFrameworksBuildPhase;
			buildActionMask = 2147483647;
			files = (
			);
			runOnlyForDeploymentPostprocessing = 0;
		};
/* End PBXFrameworksBuildPhase section */

/* Begin PBXGroup section */
		F9BB1C3B1FD79D6B00115146 = {
			isa = PBXGroup;
			children = (
				F9BB1C461FD79D6B00115146 /* EMPractice */,
				F9BB1C5F1FD79D6C00115146 /* EMPracticeTests */,
				F9BB1C6A1FD79D6C00115146 /* EMPracticeUITests */,
				F9BB1C451FD79D6B00115146 /* Products */,
			);
			sourceTree = "<group>";
		};
		F9BB1C451FD79D6B00115146 /* Products */ = {
			isa = PBXGroup;
			children = (
				F9BB1C441FD79D6B00115146 /* EMPractice.app */,
				F9BB1C5C1FD79D6C00115146 /* EMPracticeTests.xctest */,
				F9BB1C671FD79D6C00115146 /* EMPracticeUITests.xctest */,
			);
			name = Products;
			sourceTree = "<group>";
		};
		F9BB1C461FD79D6B00115146 /* EMPractice */ = {
			isa = PBXGroup;
			children = (
				F9BB1C471FD79D6B00115146 /* AppDelegate.h */,
				F9BB1C481FD79D6B00115146 /* AppDelegate.m */,
				F9BB1C4A1FD79D6B00115146 /* ViewController.h */,
				F9BB1C4B1FD79D6C00115146 /* ViewController.m */,
				F9BB1C4D1FD79D6C00115146 /* Main.storyboard */,
				F9BB1C501FD79D6C00115146 /* Assets.xcassets */,
				F9BB1C521FD79D6C00115146 /* LaunchScreen.storyboard */,
				F9BB1C551FD79D6C00115146 /* Info.plist */,
				F9BB1C561FD79D6C00115146 /* main.m */,
			);
			path = EMPractice;
			sourceTree = "<group>";
		};
		F9BB1C5F1FD79D6C00115146 /* EMPracticeTests */ = {
			isa = PBXGroup;
			children = (
				F9BB1C601FD79D6C00115146 /* EMPracticeTests.m */,
				F9BB1C621FD79D6C00115146 /* Info.plist */,
			);
			path = EMPracticeTests;
			sourceTree = "<group>";
		};
		F9BB1C6A1FD79D6C00115146 /* EMPracticeUITests */ = {
			isa = PBXGroup;
			children = (
				F9BB1C6B1FD79D6C00115146 /* EMPracticeUITests.m */,
				F9BB1C6D1FD79D6C00115146 /* Info.plist */,
			);
			path = EMPracticeUITests;
			sourceTree = "<group>";
		};
/* End PBXGroup section */

/* Begin PBXNativeTarget section */
		F9BB1C431FD79D6B00115146 /* EMPractice */ = {
			isa = PBXNativeTarget;
			buildConfigurationList = F9BB1C701FD79D6C00115146 /* Build configuration list for PBXNativeTarget "EMPractice" */;
			buildPhases = (
				F9BB1C401FD79D6B00115146 /* Sources */,
				F9BB1C411FD79D6B00115146 /* Frameworks */,
				F9BB1C421FD79D6B00115146 /* Resources */,
			);
			buildRules = (
			);
			dependencies = (
			);
			name = EMPractice;
			productName = EMPractice;
			productReference = F9BB1C441FD79D6B00115146 /* EMPractice.app */;
			productType = "com.apple.product-type.application";
		};
		F9BB1C5B1FD79D6C00115146 /* EMPracticeTests */ = {
			isa = PBXNativeTarget;
			buildConfigurationList = F9BB1C731FD79D6C00115146 /* Build configuration list for PBXNativeTarget "EMPracticeTests" */;
			buildPhases = (
				F9BB1C581FD79D6C00115146 /* Sources */,
				F9BB1C591FD79D6C00115146 /* Frameworks */,
				F9BB1C5A1FD79D6C00115146 /* Resources */,
			);
			buildRules = (
			);
			dependencies = (
				F9BB1C5E1FD79D6C00115146 /* PBXTargetDependency */,
			);
			name = EMPracticeTests;
			productName = EMPracticeTests;
			productReference = F9BB1C5C1FD79D6C00115146 /* EMPracticeTests.xctest */;
			productType = "com.apple.product-type.bundle.unit-test";
		};
		F9BB1C661FD79D6C00115146 /* EMPracticeUITests */ = {
			isa = PBXNativeTarget;
			buildConfigurationList = F9BB1C761FD79D6C00115146 /* Build configuration list for PBXNativeTarget "EMPracticeUITests" */;
			buildPhases = (
				F9BB1C631FD79D6C00115146 /* Sources */,
				F9BB1C641FD79D6C00115146 /* Frameworks */,
				F9BB1C651FD79D6C00115146 /* Resources */,
			);
			buildRules = (
			);
			dependencies = (
				F9BB1C691FD79D6C00115146 /* PBXTargetDependency */,
			);
			name = EMPracticeUITests;
			productName = EMPracticeUITests;
			productReference = F9BB1C671FD79D6C00115146 /* EMPracticeUITests.xctest */;
			productType = "com.apple.product-type.bundle.ui-testing";
		};
/* End PBXNativeTarget section */

/* Begin PBXProject section */
		F9BB1C3C1FD79D6B00115146 /* Project object */ = {
			isa = PBXProject;
			attributes = {
				LastUpgradeCheck = 0910;
				ORGANIZATIONNAME = Block;
				TargetAttributes = {
					F9BB1C431FD79D6B00115146 = {
						CreatedOnToolsVersion = 9.1;
						ProvisioningStyle = Automatic;
					};
					F9BB1C5B1FD79D6C00115146 = {
						CreatedOnToolsVersion = 9.1;
						ProvisioningStyle = Automatic;
						TestTargetID = F9BB1C431FD79D6B00115146;
					};
					F9BB1C661FD79D6C00115146 = {
						CreatedOnToolsVersion = 9.1;
						ProvisioningStyle = Automatic;
						TestTargetID = F9BB1C431FD79D6B00115146;
					};
				};
			};
			buildConfigurationList = F9BB1C3F1FD79D6B00115146 /* Build configuration list for PBXProject "EMPractice" */;
			compatibilityVersion = "Xcode 8.0";
			developmentRegion = en;
			hasScannedForEncodings = 0;
			knownRegions = (
				en,
				Base,
			);
			mainGroup = F9BB1C3B1FD79D6B00115146;
			productRefGroup = F9BB1C451FD79D6B00115146 /* Products */;
			projectDirPath = "";
			projectRoot = "";
			targets = (
				F9BB1C431FD79D6B00115146 /* EMPractice */,
				F9BB1C5B1FD79D6C00115146 /* EMPracticeTests */,
				F9BB1C661FD79D6C00115146 /* EMPracticeUITests */,
			);
		};
/* End PBXProject section */

/* Begin PBXResourcesBuildPhase section */
		F9BB1C421FD79D6B00115146 /* Resources */ = {
			isa = PBXResourcesBuildPhase;
			buildActionMask = 2147483647;
			files = (
				F9BB1C541FD79D6C00115146 /* LaunchScreen.storyboard in Resources */,
				F9BB1C511FD79D6C00115146 /* Assets.xcassets in Resources */,
				F9BB1C4F1FD79D6C00115146 /* Main.storyboard in Resources */,
			);
			runOnlyForDeploymentPostprocessing = 0;
		};
		F9BB1C5A1FD79D6C00115146 /* Resources */ = {
			isa = PBXResourcesBuildPhase;
			buildActionMask = 2147483647;
			files = (
			);
			runOnlyForDeploymentPostprocessing = 0;
		};
		F9BB1C651FD79D6C00115146 /* Resources */ = {
			isa = PBXResourcesBuildPhase;
			buildActionMask = 2147483647;
			files = (
			);
			runOnlyForDeploymentPostprocessing = 0;
		};
/* End PBXResourcesBuildPhase section */

/* Begin PBXSourcesBuildPhase section */
		F9BB1C401FD79D6B00115146 /* Sources */ = {
			isa = PBXSourcesBuildPhase;
			buildActionMask = 2147483647;
			files = (
				F9BB1C4C1FD79D6C00115146 /* ViewController.m in Sources */,
				F9BB1C571FD79D6C00115146 /* main.m in Sources */,
				F9BB1C491FD79D6B00115146 /* AppDelegate.m in Sources */,
			);
			runOnlyForDeploymentPostprocessing = 0;
		};
		F9BB1C581FD79D6C00115146 /* Sources */ = {
			isa = PBXSourcesBuildPhase;
			buildActionMask = 2147483647;
			files = (
				F9BB1C611FD79D6C00115146 /* EMPracticeTests.m in Sources */,
			);
			runOnlyForDeploymentPostprocessing = 0;
		};
		F9BB1C631FD79D6C00115146 /* Sources */ = {
			isa = PBXSourcesBuildPhase;
			buildActionMask = 2147483647;
			files = (
				F9BB1C6C1FD79D6C00115146 /* EMPracticeUITests.m in Sources */,
			);
			runOnlyForDeploymentPostprocessing = 0;
		};
/* End PBXSourcesBuildPhase section */

/* Begin PBXTargetDependency section */
		F9BB1C5E1FD79D6C00115146 /* PBXTargetDependency */ = {
			isa = PBXTargetDependency;
			target = F9BB1C431FD79D6B00115146 /* EMPractice */;
			targetProxy = F9BB1C5D1FD79D6C00115146 /* PBXContainerItemProxy */;
		};
		F9BB1C691FD79D6C00115146 /* PBXTargetDependency */ = {
			isa = PBXTargetDependency;
			target = F9BB1C431FD79D6B00115146 /* EMPractice */;
			targetProxy = F9BB1C681FD79D6C00115146 /* PBXContainerItemProxy */;
		};
/* End PBXTargetDependency section */

/* Begin PBXVariantGroup section */
		F9BB1C4D1FD79D6C00115146 /* Main.storyboard */ = {
			isa = PBXVariantGroup;
			children = (
				F9BB1C4E1FD79D6C00115146 /* Base */,
			);
			name = Main.storyboard;
			sourceTree = "<group>";
		};
		F9BB1C521FD79D6C00115146 /* LaunchScreen.storyboard */ = {
			isa = PBXVariantGroup;
			children = (
				F9BB1C531FD79D6C00115146 /* Base */,
			);
			name = LaunchScreen.storyboard;
			sourceTree = "<group>";
		};
/* End PBXVariantGroup section */

/* Begin XCBuildConfiguration section */
		F9BB1C6E1FD79D6C00115146 /* Debug */ = {
			isa = XCBuildConfiguration;
			buildSettings = {
				ALWAYS_SEARCH_USER_PATHS = NO;
				CLANG_ANALYZER_NONNULL = YES;
				CLANG_ANALYZER_NUMBER_OBJECT_CONVERSION = YES_AGGRESSIVE;
				CLANG_CXX_LANGUAGE_STANDARD = "gnu++14";
				CLANG_CXX_LIBRARY = "libc++";
				CLANG_ENABLE_MODULES = YES;
				CLANG_ENABLE_OBJC_ARC = YES;
				CLANG_WARN_BLOCK_CAPTURE_AUTORELEASING = YES;
				CLANG_WARN_BOOL_CONVERSION = YES;
				CLANG_WARN_COMMA = YES;
				CLANG_WARN_CONSTANT_CONVERSION = YES;
				CLANG_WARN_DIRECT_OBJC_ISA_USAGE = YES_ERROR;
				CLANG_WARN_DOCUMENTATION_COMMENTS = YES;
				CLANG_WARN_EMPTY_BODY = YES;
				CLANG_WARN_ENUM_CONVERSION = YES;
				CLANG_WARN_INFINITE_RECURSION = YES;
				CLANG_WARN_INT_CONVERSION = YES;
				CLANG_WARN_NON_LITERAL_NULL_CONVERSION = YES;
				CLANG_WARN_OBJC_LITERAL_CONVERSION = YES;
				CLANG_WARN_OBJC_ROOT_CLASS = YES_ERROR;
				CLANG_WARN_RANGE_LOOP_ANALYSIS = YES;
				CLANG_WARN_STRICT_PROTOTYPES = YES;
				CLANG_WARN_SUSPICIOUS_MOVE = YES;
				CLANG_WARN_UNGUARDED_AVAILABILITY = YES_AGGRESSIVE;
				CLANG_WARN_UNREACHABLE_CODE = YES;
				CLANG_WARN__DUPLICATE_METHOD_MATCH = YES;
				CODE_SIGN_IDENTITY = "iPhone Developer";
				COPY_PHASE_STRIP = NO;
				DEBUG_INFORMATION_FORMAT = dwarf;
				ENABLE_STRICT_OBJC_MSGSEND = YES;
				ENABLE_TESTABILITY = YES;
				GCC_C_LANGUAGE_STANDARD = gnu11;
				GCC_DYNAMIC_NO_PIC = NO;
				GCC_NO_COMMON_BLOCKS = YES;
				GCC_OPTIMIZATION_LEVEL = 0;
				GCC_PREPROCESSOR_DEFINITIONS = (
					"DEBUG=1",
					"$(inherited)",
				);
				GCC_WARN_64_TO_32_BIT_CONVERSION = YES;
				GCC_WARN_ABOUT_RETURN_TYPE = YES_ERROR;
				GCC_WARN_UNDECLARED_SELECTOR = YES;
				GCC_WARN_UNINITIALIZED_AUTOS = YES_AGGRESSIVE;
				GCC_WARN_UNUSED_FUNCTION = YES;
				GCC_WARN_UNUSED_VARIABLE = YES;
				IPHONEOS_DEPLOYMENT_TARGET = 11.1;
				MTL_ENABLE_DEBUG_INFO = YES;
				ONLY_ACTIVE_ARCH = YES;
				SDKROOT = iphoneos;
			};
			name = Debug;
		};
		F9BB1C6F1FD79D6C00115146 /* Release */ = {
			isa = XCBuildConfiguration;
			buildSettings = {
				ALWAYS_SEARCH_USER_PATHS = NO;
				CLANG_ANALYZER_NONNULL = YES;
				CLANG_ANALYZER_NUMBER_OBJECT_CONVERSION = YES_AGGRESSIVE;
				CLANG_CXX_LANGUAGE_STANDARD = "gnu++14";
				CLANG_CXX_LIBRARY = "libc++";
				CLANG_ENABLE_MODULES = YES;
				CLANG_ENABLE_OBJC_ARC = YES;
				CLANG_WARN_BLOCK_CAPTURE_AUTORELEASING = YES;
				CLANG_WARN_BOOL_CONVERSION = YES;
				CLANG_WARN_COMMA = YES;
				CLANG_WARN_CONSTANT_CONVERSION = YES;
				CLANG_WARN_DIRECT_OBJC_ISA_USAGE = YES_ERROR;
				CLANG_WARN_DOCUMENTATION_COMMENTS = YES;
				CLANG_WARN_EMPTY_BODY = YES;
				CLANG_WARN_ENUM_CONVERSION = YES;
				CLANG_WARN_INFINITE_RECURSION = YES;
				CLANG_WARN_INT_CONVERSION = YES;
				CLANG_WARN_NON_LITERAL_NULL_CONVERSION = YES;
				CLANG_WARN_OBJC_LITERAL_CONVERSION = YES;
				CLANG_WARN_OBJC_ROOT_CLASS = YES_ERROR;
				CLANG_WARN_RANGE_LOOP_ANALYSIS = YES;
				CLANG_WARN_STRICT_PROTOTYPES = YES;
				CLANG_WARN_SUSPICIOUS_MOVE = YES;
				CLANG_WARN_UNGUARDED_AVAILABILITY = YES_AGGRESSIVE;
				CLANG_WARN_UNREACHABLE_CODE = YES;
				CLANG_WARN__DUPLICATE_METHOD_MATCH = YES;
				CODE_SIGN_IDENTITY = "iPhone Developer";
				COPY_PHASE_STRIP = NO;
				DEBUG_INFORMATION_FORMAT = "dwarf-with-dsym";
				ENABLE_NS_ASSERTIONS = NO;
				ENABLE_STRICT_OBJC_MSGSEND = YES;
				GCC_C_LANGUAGE_STANDARD = gnu11;
				GCC_NO_COMMON_BLOCKS = YES;
				GCC_WARN_64_TO_32_BIT_CONVERSION = YES;
				GCC_WARN_ABOUT_RETURN_TYPE = YES_ERROR;
				GCC_WARN_UNDECLARED_SELECTOR = YES;
				GCC_WARN_UNINITIALIZED_AUTOS = YES_AGGRESSIVE;
				GCC_WARN_UNUSED_FUNCTION = YES;
				GCC_WARN_UNUSED_VARIABLE = YES;
				IPHONEOS_DEPLOYMENT_TARGET = 11.1;
				MTL_ENABLE_DEBUG_INFO = NO;
				SDKROOT = iphoneos;
				VALIDATE_PRODUCT = YES;
			};
			name = Release;
		};
		F9BB1C711FD79D6C00115146 /* Debug */ = {
			isa = XCBuildConfiguration;
			buildSettings = {
				ASSETCATALOG_COMPILER_APPICON_NAME = AppIcon;
				CODE_SIGN_STYLE = Automatic;
				INFOPLIST_FILE = EMPractice/Info.plist;
				LD_RUNPATH_SEARCH_PATHS = "$(inherited) @executable_path/Frameworks";
				PRODUCT_BUNDLE_IDENTIFIER = Block.EMPractice;
				PRODUCT_NAME = "$(TARGET_NAME)";
				TARGETED_DEVICE_FAMILY = "1,2";
			};
			name = Debug;
		};
		F9BB1C721FD79D6C00115146 /* Release */ = {
			isa = XCBuildConfiguration;
			buildSettings = {
				ASSETCATALOG_COMPILER_APPICON_NAME = AppIcon;
				CODE_SIGN_STYLE = Automatic;
				INFOPLIST_FILE = EMPractice/Info.plist;
				LD_RUNPATH_SEARCH_PATHS = "$(inherited) @executable_path/Frameworks";
				PRODUCT_BUNDLE_IDENTIFIER = Block.EMPractice;
				PRODUCT_NAME = "$(TARGET_NAME)";
				TARGETED_DEVICE_FAMILY = "1,2";
			};
			name = Release;
		};
		F9BB1C741FD79D6C00115146 /* Debug */ = {
			isa = XCBuildConfiguration;
			buildSettings = {
				BUNDLE_LOADER = "$(TEST_HOST)";
				CODE_SIGN_STYLE = Automatic;
				INFOPLIST_FILE = EMPracticeTests/Info.plist;
				LD_RUNPATH_SEARCH_PATHS = "$(inherited) @executable_path/Frameworks @loader_path/Frameworks";
				PRODUCT_BUNDLE_IDENTIFIER = Block.EMPracticeTests;
				PRODUCT_NAME = "$(TARGET_NAME)";
				TARGETED_DEVICE_FAMILY = "1,2";
				TEST_HOST = "$(BUILT_PRODUCTS_DIR)/EMPractice.app/EMPractice";
			};
			name = Debug;
		};
		F9BB1C751FD79D6C00115146 /* Release */ = {
			isa = XCBuildConfiguration;
			buildSettings = {
				BUNDLE_LOADER = "$(TEST_HOST)";
				CODE_SIGN_STYLE = Automatic;
				INFOPLIST_FILE = EMPracticeTests/Info.plist;
				LD_RUNPATH_SEARCH_PATHS = "$(inherited) @executable_path/Frameworks @loader_path/Frameworks";
				PRODUCT_BUNDLE_IDENTIFIER = Block.EMPracticeTests;
				PRODUCT_NAME = "$(TARGET_NAME)";
				TARGETED_DEVICE_FAMILY = "1,2";
				TEST_HOST = "$(BUILT_PRODUCTS_DIR)/EMPractice.app/EMPractice";
			};
			name = Release;
		};
		F9BB1C771FD79D6C00115146 /* Debug */ = {
			isa = XCBuildConfiguration;
			buildSettings = {
				CODE_SIGN_STYLE = Automatic;
				INFOPLIST_FILE = EMPracticeUITests/Info.plist;
				LD_RUNPATH_SEARCH_PATHS = "$(inherited) @executable_path/Frameworks @loader_path/Frameworks";
				PRODUCT_BUNDLE_IDENTIFIER = Block.EMPracticeUITests;
				PRODUCT_NAME = "$(TARGET_NAME)";
				TARGETED_DEVICE_FAMILY = "1,2";
				TEST_TARGET_NAME = EMPractice;
			};
			name = Debug;
		};
		F9BB1C781FD79D6C00115146 /* Release */ = {
			isa = XCBuildConfiguration;
			buildSettings = {
				CODE_SIGN_STYLE = Automatic;
				INFOPLIST_FILE = EMPracticeUITests/Info.plist;
				LD_RUNPATH_SEARCH_PATHS = "$(inherited) @executable_path/Frameworks @loader_path/Frameworks";
				PRODUCT_BUNDLE_IDENTIFIER = Block.EMPracticeUITests;
				PRODUCT_NAME = "$(TARGET_NAME)";
				TARGETED_DEVICE_FAMILY = "1,2";
				TEST_TARGET_NAME = EMPractice;
			};
			name = Release;
		};
/* End XCBuildConfiguration section */

/* Begin XCConfigurationList section */
		F9BB1C3F1FD79D6B00115146 /* Build configuration list for PBXProject "EMPractice" */ = {
			isa = XCConfigurationList;
			buildConfigurations = (
				F9BB1C6E1FD79D6C00115146 /* Debug */,
				F9BB1C6F1FD79D6C00115146 /* Release */,
			);
			defaultConfigurationIsVisible = 0;
			defaultConfigurationName = Release;
		};
		F9BB1C701FD79D6C00115146 /* Build configuration list for PBXNativeTarget "EMPractice" */ = {
			isa = XCConfigurationList;
			buildConfigurations = (
				F9BB1C711FD79D6C00115146 /* Debug */,
				F9BB1C721FD79D6C00115146 /* Release */,
			);
			defaultConfigurationIsVisible = 0;
			defaultConfigurationName = Release;
		};
		F9BB1C731FD79D6C00115146 /* Build configuration list for PBXNativeTarget "EMPracticeTests" */ = {
			isa = XCConfigurationList;
			buildConfigurations = (
				F9BB1C741FD79D6C00115146 /* Debug */,
				F9BB1C751FD79D6C00115146 /* Release */,
			);
			defaultConfigurationIsVisible = 0;
			defaultConfigurationName = Release;
		};
		F9BB1C761FD79D6C00115146 /* Build configuration list for PBXNativeTarget "EMPracticeUITests" */ = {
			isa = XCConfigurationList;
			buildConfigurations = (
				F9BB1C771FD79D6C00115146 /* Debug */,
				F9BB1C781FD79D6C00115146 /* Release */,
			);
			defaultConfigurationIsVisible = 0;
			defaultConfigurationName = Release;
		};
/* End XCConfigurationList section */
	};
	rootObject = F9BB1C3C1FD79D6B00115146 /* Project object */;
}
